
Microsoft Visual Studio Solution File, Format Version 12.00
# Visual Studio Version 17
VisualStudioVersion = 17.9.34902.65
MinimumVisualStudioVersion = 10.0.40219.1
Project("{9A19103F-16F7-4668-BE54-9A1E7A4F7556}") = "common", "common\common.csproj", "{F0EDCCEC-4B64-4CE8-801F-1377E3384DC4}"
EndProject
Project("{9A19103F-16F7-4668-BE54-9A1E7A4F7556}") = "scripts", "scripts\scripts.csproj", "{1C15241D-4AA0-4ABE-923A-E1FDFE5B8FE5}"
EndProject
Project("{9A19103F-16F7-4668-BE54-9A1E7A4F7556}") = "editor", "editor\editor.csproj", "{FF59AEEA-C133-4BF8-8A0B-620A3C99022B}"
EndProject
Project("{9A19103F-16F7-4668-BE54-9A1E7A4F7556}") = "brewlib", "brewlib\brewlib.csproj", "{A4F7CC21-B769-424B-AB59-89E93D781762}"
EndProject
Project("{2150E333-8FDC-42A3-9474-1A3956D46DE8}") = "Solution Items", "Solution Items", "{A318C17F-97F1-46DF-9405-A441A4B10715}"
	ProjectSection(SolutionItems) = preProject
		.editorconfig = .editorconfig
	EndProjectSection
EndProject
Project("{FAE04EC0-301F-11D3-BF4B-00C04F79EFBC}") = "test", "test\test.csproj", "{BCB1102D-4DAA-4AB7-9B94-A9C1BDA285AB}"
EndProject
Project("{2150E333-8FDC-42A3-9474-1A3956D46DE8}") = "visualcompositor", "visualcompositor", "{0384C19F-7E5D-4E2A-A542-DF71BA03C512}"
EndProject
Project("{FAE04EC0-301F-11D3-BF4B-00C04F79EFBC}") = "VisualCompositor.Core", "visualcompositor\core\VisualCompositor.Core.csproj", "{3F953751-AF3F-4278-97B0-5C32590022BA}"
EndProject
Project("{2150E333-8FDC-42A3-9474-1A3956D46DE8}") = "tests", "tests", "{05CEB1E1-79B6-4CED-9CB4-BB0B7401C0F1}"
EndProject
Project("{FAE04EC0-301F-11D3-BF4B-00C04F79EFBC}") = "VisualCompositor.Core.Tests", "visualcompositor\tests\VisualCompositor.Core.Tests\VisualCompositor.Core.Tests.csproj", "{771F57DB-AD0D-435C-84B4-05F086C3883F}"
EndProject
Project("{FAE04EC0-301F-11D3-BF4B-00C04F79EFBC}") = "VisualCompositor.Osb", "visualcompositor\osb\VisualCompositor.Osb.csproj", "{3A938027-6F67-4D71-A101-3111CDAF77E3}"
EndProject
Project("{FAE04EC0-301F-11D3-BF4B-00C04F79EFBC}") = "VisualCompositor.State", "visualcompositor\state\VisualCompositor.State.csproj", "{F75EB619-6075-4A1F-95F5-CDD8B59542BB}"
EndProject
Project("{FAE04EC0-301F-11D3-BF4B-00C04F79EFBC}") = "VisualCompositor.Rendering", "visualcompositor\rendering\VisualCompositor.Rendering.csproj", "{C6581E13-2BD8-42D8-A8C8-CA33721BBECC}"
EndProject
Project("{FAE04EC0-301F-11D3-BF4B-00C04F79EFBC}") = "VisualCompositor.UI", "visualcompositor\ui\VisualCompositor.UI.csproj", "{5C31808A-2336-4FF6-9CC7-17BCB9DB0D1F}"
EndProject
Project("{FAE04EC0-301F-11D3-BF4B-00C04F79EFBC}") = "VisualCompositor.Audio", "visualcompositor\audio\VisualCompositor.Audio.csproj", "{4EADFE89-8828-4D9F-A29B-44F186D18013}"
EndProject
Global
	GlobalSection(SolutionConfigurationPlatforms) = preSolution
		Build|Any CPU = Build|Any CPU
		Debug|Any CPU = Debug|Any CPU
		Release|Any CPU = Release|Any CPU
	EndGlobalSection
	GlobalSection(ProjectConfigurationPlatforms) = postSolution
		{F0EDCCEC-4B64-4CE8-801F-1377E3384DC4}.Build|Any CPU.ActiveCfg = Release|Any CPU
		{F0EDCCEC-4B64-4CE8-801F-1377E3384DC4}.Build|Any CPU.Build.0 = Release|Any CPU
		{F0EDCCEC-4B64-4CE8-801F-1377E3384DC4}.Debug|Any CPU.ActiveCfg = Debug|Any CPU
		{F0EDCCEC-4B64-4CE8-801F-1377E3384DC4}.Debug|Any CPU.Build.0 = Debug|Any CPU
		{F0EDCCEC-4B64-4CE8-801F-1377E3384DC4}.Release|Any CPU.ActiveCfg = Release|Any CPU
		{F0EDCCEC-4B64-4CE8-801F-1377E3384DC4}.Release|Any CPU.Build.0 = Release|Any CPU
		{1C15241D-4AA0-4ABE-923A-E1FDFE5B8FE5}.Build|Any CPU.ActiveCfg = Release|Any CPU
		{1C15241D-4AA0-4ABE-923A-E1FDFE5B8FE5}.Build|Any CPU.Build.0 = Release|Any CPU
		{1C15241D-4AA0-4ABE-923A-E1FDFE5B8FE5}.Debug|Any CPU.ActiveCfg = Debug|Any CPU
		{1C15241D-4AA0-4ABE-923A-E1FDFE5B8FE5}.Debug|Any CPU.Build.0 = Debug|Any CPU
		{1C15241D-4AA0-4ABE-923A-E1FDFE5B8FE5}.Release|Any CPU.ActiveCfg = Release|Any CPU
		{1C15241D-4AA0-4ABE-923A-E1FDFE5B8FE5}.Release|Any CPU.Build.0 = Release|Any CPU
		{FF59AEEA-C133-4BF8-8A0B-620A3C99022B}.Build|Any CPU.ActiveCfg = Build|Any CPU
		{FF59AEEA-C133-4BF8-8A0B-620A3C99022B}.Build|Any CPU.Build.0 = Build|Any CPU
		{FF59AEEA-C133-4BF8-8A0B-620A3C99022B}.Debug|Any CPU.ActiveCfg = Debug|Any CPU
		{FF59AEEA-C133-4BF8-8A0B-620A3C99022B}.Debug|Any CPU.Build.0 = Debug|Any CPU
		{FF59AEEA-C133-4BF8-8A0B-620A3C99022B}.Release|Any CPU.ActiveCfg = Release|Any CPU
		{FF59AEEA-C133-4BF8-8A0B-620A3C99022B}.Release|Any CPU.Build.0 = Release|Any CPU
		{A4F7CC21-B769-424B-AB59-89E93D781762}.Build|Any CPU.ActiveCfg = Release|Any CPU
		{A4F7CC21-B769-424B-AB59-89E93D781762}.Build|Any CPU.Build.0 = Release|Any CPU
		{A4F7CC21-B769-424B-AB59-89E93D781762}.Debug|Any CPU.ActiveCfg = Debug|Any CPU
		{A4F7CC21-B769-424B-AB59-89E93D781762}.Debug|Any CPU.Build.0 = Debug|Any CPU
		{A4F7CC21-B769-424B-AB59-89E93D781762}.Release|Any CPU.ActiveCfg = Release|Any CPU
		{A4F7CC21-B769-424B-AB59-89E93D781762}.Release|Any CPU.Build.0 = Release|Any CPU
		{BCB1102D-4DAA-4AB7-9B94-A9C1BDA285AB}.Build|Any CPU.ActiveCfg = Debug|Any CPU
		{BCB1102D-4DAA-4AB7-9B94-A9C1BDA285AB}.Build|Any CPU.Build.0 = Debug|Any CPU
		{BCB1102D-4DAA-4AB7-9B94-A9C1BDA285AB}.Debug|Any CPU.ActiveCfg = Debug|Any CPU
		{BCB1102D-4DAA-4AB7-9B94-A9C1BDA285AB}.Debug|Any CPU.Build.0 = Debug|Any CPU
		{BCB1102D-4DAA-4AB7-9B94-A9C1BDA285AB}.Release|Any CPU.ActiveCfg = Release|Any CPU
		{BCB1102D-4DAA-4AB7-9B94-A9C1BDA285AB}.Release|Any CPU.Build.0 = Release|Any CPU
		{3F953751-AF3F-4278-97B0-5C32590022BA}.Build|Any CPU.ActiveCfg = Debug|Any CPU
		{3F953751-AF3F-4278-97B0-5C32590022BA}.Build|Any CPU.Build.0 = Debug|Any CPU
		{3F953751-AF3F-4278-97B0-5C32590022BA}.Debug|Any CPU.ActiveCfg = Debug|Any CPU
		{3F953751-AF3F-4278-97B0-5C32590022BA}.Debug|Any CPU.Build.0 = Debug|Any CPU
		{3F953751-AF3F-4278-97B0-5C32590022BA}.Release|Any CPU.ActiveCfg = Release|Any CPU
		{3F953751-AF3F-4278-97B0-5C32590022BA}.Release|Any CPU.Build.0 = Release|Any CPU
		{771F57DB-AD0D-435C-84B4-05F086C3883F}.Build|Any CPU.ActiveCfg = Debug|Any CPU
		{771F57DB-AD0D-435C-84B4-05F086C3883F}.Build|Any CPU.Build.0 = Debug|Any CPU
		{771F57DB-AD0D-435C-84B4-05F086C3883F}.Debug|Any CPU.ActiveCfg = Debug|Any CPU
		{771F57DB-AD0D-435C-84B4-05F086C3883F}.Debug|Any CPU.Build.0 = Debug|Any CPU
		{771F57DB-AD0D-435C-84B4-05F086C3883F}.Release|Any CPU.ActiveCfg = Release|Any CPU
		{771F57DB-AD0D-435C-84B4-05F086C3883F}.Release|Any CPU.Build.0 = Release|Any CPU
		{3A938027-6F67-4D71-A101-3111CDAF77E3}.Build|Any CPU.ActiveCfg = Debug|Any CPU
		{3A938027-6F67-4D71-A101-3111CDAF77E3}.Build|Any CPU.Build.0 = Debug|Any CPU
		{3A938027-6F67-4D71-A101-3111CDAF77E3}.Debug|Any CPU.ActiveCfg = Debug|Any CPU
		{3A938027-6F67-4D71-A101-3111CDAF77E3}.Debug|Any CPU.Build.0 = Debug|Any CPU
		{3A938027-6F67-4D71-A101-3111CDAF77E3}.Release|Any CPU.ActiveCfg = Release|Any CPU
		{3A938027-6F67-4D71-A101-3111CDAF77E3}.Release|Any CPU.Build.0 = Release|Any CPU
		{F75EB619-6075-4A1F-95F5-CDD8B59542BB}.Build|Any CPU.ActiveCfg = Debug|Any CPU
		{F75EB619-6075-4A1F-95F5-CDD8B59542BB}.Build|Any CPU.Build.0 = Debug|Any CPU
		{F75EB619-6075-4A1F-95F5-CDD8B59542BB}.Debug|Any CPU.ActiveCfg = Debug|Any CPU
		{F75EB619-6075-4A1F-95F5-CDD8B59542BB}.Debug|Any CPU.Build.0 = Debug|Any CPU
		{F75EB619-6075-4A1F-95F5-CDD8B59542BB}.Release|Any CPU.ActiveCfg = Release|Any CPU
		{F75EB619-6075-4A1F-95F5-CDD8B59542BB}.Release|Any CPU.Build.0 = Release|Any CPU
		{C6581E13-2BD8-42D8-A8C8-CA33721BBECC}.Build|Any CPU.ActiveCfg = Debug|Any CPU
		{C6581E13-2BD8-42D8-A8C8-CA33721BBECC}.Build|Any CPU.Build.0 = Debug|Any CPU
		{C6581E13-2BD8-42D8-A8C8-CA33721BBECC}.Debug|Any CPU.ActiveCfg = Debug|Any CPU
		{C6581E13-2BD8-42D8-A8C8-CA33721BBECC}.Debug|Any CPU.Build.0 = Debug|Any CPU
		{C6581E13-2BD8-42D8-A8C8-CA33721BBECC}.Release|Any CPU.ActiveCfg = Release|Any CPU
		{C6581E13-2BD8-42D8-A8C8-CA33721BBECC}.Release|Any CPU.Build.0 = Release|Any CPU
		{5C31808A-2336-4FF6-9CC7-17BCB9DB0D1F}.Build|Any CPU.ActiveCfg = Debug|Any CPU
		{5C31808A-2336-4FF6-9CC7-17BCB9DB0D1F}.Build|Any CPU.Build.0 = Debug|Any CPU
		{5C31808A-2336-4FF6-9CC7-17BCB9DB0D1F}.Debug|Any CPU.ActiveCfg = Debug|Any CPU
		{5C31808A-2336-4FF6-9CC7-17BCB9DB0D1F}.Debug|Any CPU.Build.0 = Debug|Any CPU
		{5C31808A-2336-4FF6-9CC7-17BCB9DB0D1F}.Release|Any CPU.ActiveCfg = Release|Any CPU
		{5C31808A-2336-4FF6-9CC7-17BCB9DB0D1F}.Release|Any CPU.Build.0 = Release|Any CPU
		{4EADFE89-8828-4D9F-A29B-44F186D18013}.Build|Any CPU.ActiveCfg = Debug|Any CPU
		{4EADFE89-8828-4D9F-A29B-44F186D18013}.Build|Any CPU.Build.0 = Debug|Any CPU
		{4EADFE89-8828-4D9F-A29B-44F186D18013}.Debug|Any CPU.ActiveCfg = Debug|Any CPU
		{4EADFE89-8828-4D9F-A29B-44F186D18013}.Debug|Any CPU.Build.0 = Debug|Any CPU
		{4EADFE89-8828-4D9F-A29B-44F186D18013}.Release|Any CPU.ActiveCfg = Release|Any CPU
		{4EADFE89-8828-4D9F-A29B-44F186D18013}.Release|Any CPU.Build.0 = Release|Any CPU
	EndGlobalSection
	GlobalSection(SolutionProperties) = preSolution
		HideSolutionNode = FALSE
	EndGlobalSection
	GlobalSection(ExtensibilityGlobals) = postSolution
		SolutionGuid = {4E2A5C26-EA58-40BE-9E6A-0913107EE610}
	EndGlobalSection
	GlobalSection(NestedProjects) = preSolution
		{3F953751-AF3F-4278-97B0-5C32590022BA} = {0384C19F-7E5D-4E2A-A542-DF71BA03C512}
		{05CEB1E1-79B6-4CED-9CB4-BB0B7401C0F1} = {0384C19F-7E5D-4E2A-A542-DF71BA03C512}
		{771F57DB-AD0D-435C-84B4-05F086C3883F} = {05CEB1E1-79B6-4CED-9CB4-BB0B7401C0F1}
		{3A938027-6F67-4D71-A101-3111CDAF77E3} = {0384C19F-7E5D-4E2A-A542-DF71BA03C512}
		{F75EB619-6075-4A1F-95F5-CDD8B59542BB} = {0384C19F-7E5D-4E2A-A542-DF71BA03C512}
		{C6581E13-2BD8-42D8-A8C8-CA33721BBECC} = {0384C19F-7E5D-4E2A-A542-DF71BA03C512}
		{5C31808A-2336-4FF6-9CC7-17BCB9DB0D1F} = {0384C19F-7E5D-4E2A-A542-DF71BA03C512}
		{4EADFE89-8828-4D9F-A29B-44F186D18013} = {0384C19F-7E5D-4E2A-A542-DF71BA03C512}
	EndGlobalSection
EndGlobal
